hash: 5ad02999f7bb387e4db937349b63f44390ebffb0ea09ee682c4b21c4f639b57b
updated: 2019-01-09T16:55:55.001007279+08:00
imports:
- name: github.com/beanstalkd/go-beanstalk
  version: 53ecdaa3bcfb4408ac90ddb486122d4d2a2b9b95
- name: github.com/buger/jsonparser
  version: bf1c66bbce23153d89b23f8960071a680dbef54b
- name: github.com/fsnotify/fsnotify
  version: c2828203cd70a50dcccfb2761f8b1f8ceef9a8e9
- name: github.com/garyburd/redigo
  version: a69d19351219b6dd56f274f96d85a7014a2ec34e
  subpackages:
  - internal
  - redis
- name: github.com/hashicorp/hcl
  version: 65a6292f0157eff210d03ed1bf6c59b190b8b906
  subpackages:
  - hcl/ast
  - hcl/parser
  - hcl/printer
  - hcl/scanner
  - hcl/strconv
  - hcl/token
  - json/parser
  - json/scanner
  - json/token
- name: github.com/json-iterator/go
  version: 1624edc4454b8682399def8740d46db5e4362ba4
- name: github.com/konsorten/go-windows-terminal-sequences
  version: 5c8c8bd35d3832f5d134ae1e1e375b69a4d25242
- name: github.com/magiconair/properties
  version: 7c38529aac7222391b7a2661365177a97e21b998
- name: github.com/mitchellh/mapstructure
  version: 3536a929edddb9a5b34bd6861dc4a9647cb459fe
- name: github.com/modern-go/concurrent
  version: bacd9c7ef1dd9b15be4a9909b8ac7a4e313eec94
- name: github.com/modern-go/reflect2
  version: 94122c33edd36123c84d5368cfb2b69df93a0ec8
- name: github.com/pelletier/go-toml
  version: 27c6b39a135b7dc87a14afb068809132fb7a9a8f
- name: github.com/sirupsen/logrus
  version: e1e72e9de974bd926e5c56f83753fba2df402ce5
- name: github.com/spf13/afero
  version: a5d6946387efe7d64d09dcba68cdd523dc1273a3
  subpackages:
  - mem
- name: github.com/spf13/cast
  version: 8c9545af88b134710ab1cd196795e7f2388358d7
- name: github.com/spf13/jwalterweatherman
  version: 94f6ae3ed3bceceafa716478c5fbf8d29ca601a1
- name: github.com/spf13/pflag
  version: 24fa6976df40757dce6aea913e7b81ade90530e1
- name: github.com/spf13/viper
  version: 6d33b5a963d922d182c91e8a1c88d81fd150cfd4
- name: golang.org/x/crypto
  version: ff983b9c42bc9fbf91556e191cc8efb585c16908
  repo: https://github.com/golang/crypto
  vcs: git
  subpackages:
  - ssh/terminal
- name: golang.org/x/gddo
  version: 9bd4a32950217197bb319565e843237cca7f85d2
  repo: https://github.com/golang/gddo
  vcs: git
- name: golang.org/x/lint
  version: 8f45f776aaf18cebc8d65861cc70c33c60471952
  repo: https://github.com/golang/lint
  vcs: git
- name: golang.org/x/net
  version: 1e06a53dbb7e2ed46e91183f219db23c6943c532
  repo: https://github.com/golang/net
  vcs: git
- name: golang.org/x/protobuf
  version: 347cf4a86c1cb8d262994d8ef5924d4576c5b331
  repo: https://github.com/golang/protobuf
  vcs: git
- name: golang.org/x/sys
  version: cb59ee3660675d463e86971646692ea3e470021c
  repo: https://github.com/golang/sys
  vcs: git
  subpackages:
  - unix
  - windows
- name: golang.org/x/text
  version: e6919f6577db79269a6443b9dc46d18f2238fb5d
  repo: https://github.com/golang/text
  vcs: git
  subpackages:
  - transform
  - unicode/norm
- name: golang.org/x/tools
  version: 421f03a57a641a72b8ea4ceb640e73391675fc6f
  repo: https://github.com/golang/tools
  vcs: git
- name: gopkg.in/yaml.v2
  version: 51d6538a90f86fe93ac480b35f37b2be17fef232
testImports: []
